# This file is automatically @generated by Cargo.
# It is not intended for manual editing.
version = 4

[[package]]
name = "grust-backend"
version = "0.3.0-draft"
dependencies = [
 "grust-lpg",
 "grust-optimized-plan",
 "grust-resolved-plan",
]

[[package]]
name = "grust-functions"
version = "0.2.0-draft"
dependencies = [
 "grust-lpg",
]

[[package]]
name = "grust-lpg"
version = "0.2.0-draft"

[[package]]
name = "grust-optimized-plan"
version = "0.3.0-draft"
dependencies = [
 "grust-lpg",
 "grust-resolved-plan",
]

[[package]]
name = "grust-optimizer"
version = "0.3.0-draft"
dependencies = [
 "grust-lpg",
 "grust-optimized-plan",
 "grust-resolved-plan",
]

[[package]]
name = "grust-resolution"
version = "0.3.0-draft"
dependencies = [
 "grust-functions",
 "grust-lpg",
 "grust-resolved-plan",
 "grust-unresolved-plan",
]

[[package]]
name = "grust-resolved-plan"
version = "0.3.0-draft"
dependencies = [
 "grust-functions",
 "grust-lpg",
 "grust-unresolved-plan",
]

[[package]]
name = "grust-unresolved-plan"
version = "0.2.0-draft"
dependencies = [
 "grust-functions",
 "grust-lpg",
]
