# This file was autogenerated by uv via the following command:
#    uv pip compile --universal --python .venv/bin/python examples/extensions/requirements.in -o examples/extensions/requirements.lock
altgraph==0.17.5 ; sys_platform == 'darwin'
    # via macholib
annotated-types==0.8.0
    # via pydantic
apache-sedona==1.8.0
    # via -r examples/extensions/requirements.in
attrs==26.1.0
    # via apache-sedona
colorama==0.4.6 ; sys_platform == 'win32'
    # via pytest
delocate==0.13.0 ; sys_platform == 'darwin'
    # via -r examples/extensions/requirements.in
googleapis-common-protos==1.75.4
    # via
    #   grpcio-status
    #   pyspark
grpcio==1.84.0
    # via
    #   grpcio-status
    #   pyspark
grpcio-status==1.84.0
    # via pyspark
iniconfig==2.3.0
    # via pytest
macholib==1.16.4 ; sys_platform == 'darwin'
    # via delocate
maturin==1.9.6
    # via -r examples/extensions/requirements.in
numpy==2.5.3
    # via
    #   pandas
    #   pyspark
    #   shapely
packaging==26.3
    # via
    #   delocate
    #   pytest
pandas==3.0.6
    # via pyspark
pluggy==1.6.0
    # via pytest
protobuf==7.36.2
    # via
    #   googleapis-common-protos
    #   grpcio-status
py4j==0.10.9.9
    # via pyspark
pyarrow==21.0.0
    # via
    #   -r examples/extensions/requirements.in
    #   pyspark
pydantic==2.11.10
    # via -r examples/extensions/requirements.in
pydantic-core==2.33.2
    # via pydantic
pygments==2.21.0
    # via pytest
pyspark==4.0.1
    # via -r examples/extensions/requirements.in
pytest==8.4.2
    # via -r examples/extensions/requirements.in
python-dateutil==2.9.0.post0
    # via pandas
shapely==2.1.2
    # via apache-sedona
six==1.17.0
    # via python-dateutil
typing-extensions==4.16.0
    # via
    #   delocate
    #   grpcio
    #   pydantic
    #   pydantic-core
    #   typing-inspection
typing-inspection==0.4.4
    # via pydantic
tzdata==2026.4 ; sys_platform == 'emscripten' or sys_platform == 'win32'
    # via pandas
